
Microsoft Visual Studio Solution File, Format Version 12.00
# Visual Studio 2012
VisualStudioVersion = 12.0.30501.0
MinimumVisualStudioVersion = 10.0.40219.1
Project("{FAE04EC0-301F-11D3-BF4B-00C04F79EFBC}") = "JavaScript", "JavaScript\JavaScript.csproj", "{5A90FAC8-67DA-4823-B114-91F5A26B2FE9}"
EndProject
Project("{FAE04EC0-301F-11D3-BF4B-00C04F79EFBC}") = "Html", "Html\Html.csproj", "{F1B6A826-60C3-4038-AABF-BD7C8380CC2F}"
EndProject
Project("{FAE04EC0-301F-11D3-BF4B-00C04F79EFBC}") = "AppMobi", "AppMobi\AppMobi.csproj", "{1A31E456-4036-4839-B6EC-8FBC6F318F7F}"
EndProject
Project("{FAE04EC0-301F-11D3-BF4B-00C04F79EFBC}") = "Arshaw.FullCalendar", "Arshaw.FullCalendar\Arshaw.FullCalendar.csproj", "{B8709F27-33D4-441A-91FB-7203CA034843}"
EndProject
Project("{FAE04EC0-301F-11D3-BF4B-00C04F79EFBC}") = "Att.Html5Sdk", "Att.Html5Sdk\Att.Html5Sdk.csproj", "{A28AF2F2-698D-4507-81CF-B770E6EC774C}"
EndProject
Project("{FAE04EC0-301F-11D3-BF4B-00C04F79EFBC}") = "BackboneJs", "BackboneJs\BackboneJs.csproj", "{E4F53CA3-DD5B-47EF-9BF6-65C8829A260B}"
EndProject
Project("{FAE04EC0-301F-11D3-BF4B-00C04F79EFBC}") = "Breeze", "Breeze\Breeze.csproj", "{DBD0603D-3811-4D9E-9C29-F66ADF9922C0}"
EndProject
Project("{FAE04EC0-301F-11D3-BF4B-00C04F79EFBC}") = "CodeMirror", "CodeMirror\CodeMirror.csproj", "{DA8967DB-C692-416F-9E62-E0ED0540DA3E}"
EndProject
Project("{FAE04EC0-301F-11D3-BF4B-00C04F79EFBC}") = "EaselJS", "EaselJS\EaselJS.csproj", "{8ABEBA77-AC55-4027-9B9B-27AB7E4DFCC8}"
EndProject
Project("{FAE04EC0-301F-11D3-BF4B-00C04F79EFBC}") = "ExtJs", "ExtJs\ExtJs.csproj", "{B1C6FA01-900F-4F7F-95DC-145D8F9B2CCB}"
EndProject
Project("{FAE04EC0-301F-11D3-BF4B-00C04F79EFBC}") = "FabricJs", "FabricJs\FabricJs.csproj", "{3CE153D9-94A9-4957-84F0-877C30B9EEC5}"
EndProject
Project("{FAE04EC0-301F-11D3-BF4B-00C04F79EFBC}") = "FireFox.Firebug", "FireFox.Firebug\FireFox.Firebug.csproj", "{6312B4CD-D416-4493-8850-28D6FE3D6AFB}"
EndProject
Project("{FAE04EC0-301F-11D3-BF4B-00C04F79EFBC}") = "Google.Chrome", "Google.Chrome\Google.Chrome.csproj", "{55671A92-AA9B-41E8-B85A-AC2571759085}"
EndProject
Project("{FAE04EC0-301F-11D3-BF4B-00C04F79EFBC}") = "Google.Maps", "Google.Maps\Google.Maps.csproj", "{4484C7D5-4656-4BDA-9BCC-6C325E526A44}"
EndProject
Project("{FAE04EC0-301F-11D3-BF4B-00C04F79EFBC}") = "Highcharts", "Highcharts\Highcharts.csproj", "{0352730B-7191-4243-8169-AA31EC46DCB4}"
EndProject
Project("{FAE04EC0-301F-11D3-BF4B-00C04F79EFBC}") = "jQuery", "jQuery\jQuery.csproj", "{872605DE-E8EC-4D3D-8CEE-A62449A8DAEB}"
EndProject
Project("{FAE04EC0-301F-11D3-BF4B-00C04F79EFBC}") = "jQTouch", "jQTouch\jQTouch.csproj", "{9B1753AB-A527-47DD-A483-ADD70DE8651E}"
EndProject
Project("{FAE04EC0-301F-11D3-BF4B-00C04F79EFBC}") = "jQuery.jqGrid", "jQuery.jqGrid\jQuery.jqGrid.csproj", "{58DCC416-E943-4395-8DC4-4ED2794B0789}"
EndProject
Project("{FAE04EC0-301F-11D3-BF4B-00C04F79EFBC}") = "jQuery.Query", "jQuery.Query\jQuery.Query.csproj", "{329DA980-13A0-4708-B002-2B49CCE35D33}"
EndProject
Project("{FAE04EC0-301F-11D3-BF4B-00C04F79EFBC}") = "jQuery.SimpleModal", "jQuery.SimpleModal\jQuery.SimpleModal.csproj", "{A0D491BD-2BC7-4632-8B56-F690D2F3EB4F}"
EndProject
Project("{FAE04EC0-301F-11D3-BF4B-00C04F79EFBC}") = "jQuery.Validate", "jQuery.Validate\jQuery.Validate.csproj", "{6CE063B5-9E45-4A4B-9F50-40CC93FB880E}"
EndProject
Project("{FAE04EC0-301F-11D3-BF4B-00C04F79EFBC}") = "jQueryMobile-1.0b1", "jQueryMobile-1.0b1\jQueryMobile-1.0b1.csproj", "{23E5F7FB-D23B-4218-9059-E4454D48B9EF}"
EndProject
Project("{FAE04EC0-301F-11D3-BF4B-00C04F79EFBC}") = "jQueryUI", "jQueryUI\jQueryUI.csproj", "{696044B4-CB46-45B6-83FC-CA3C65D72A9C}"
EndProject
Project("{FAE04EC0-301F-11D3-BF4B-00C04F79EFBC}") = "jQueryUI.NestedSortable", "jQueryUI.NestedSortable\jQueryUI.NestedSortable.csproj", "{AF96B319-A09E-4997-820D-18B65D57E1A0}"
EndProject
Project("{FAE04EC0-301F-11D3-BF4B-00C04F79EFBC}") = "jsUndoable", "jsUndoable\jsUndoable.csproj", "{A3A4596F-0020-4651-8F50-642506D1DB6E}"
EndProject
Project("{FAE04EC0-301F-11D3-BF4B-00C04F79EFBC}") = "KendoUI", "KendoUI\KendoUI.csproj", "{8E248098-C8F9-4ABB-91D5-896A198204F5}"
EndProject
Project("{FAE04EC0-301F-11D3-BF4B-00C04F79EFBC}") = "KendoUI.Web", "KendoUI.Web\KendoUI.Web.csproj", "{29C0F7F0-427A-4F21-9DE7-0C72FF8F2D05}"
EndProject
Project("{FAE04EC0-301F-11D3-BF4B-00C04F79EFBC}") = "KineticJs", "KineticJs\KineticJs.csproj", "{9C7E7FBD-1176-48AF-88DC-3E4286220DC6}"
EndProject
Project("{FAE04EC0-301F-11D3-BF4B-00C04F79EFBC}") = "KnockoutJs", "KnockoutJs\KnockoutJs.csproj", "{7392F035-DDC6-4F03-A64C-7682B9079580}"
EndProject
Project("{FAE04EC0-301F-11D3-BF4B-00C04F79EFBC}") = "LinqJs", "LinqJs\LinqJs.csproj", "{423F6BC9-1AAC-473D-A2D5-3FB42AAFC89A}"
EndProject
Project("{FAE04EC0-301F-11D3-BF4B-00C04F79EFBC}") = "MomentJs", "MomentJs\MomentJs.csproj", "{8B2D8B06-4FBD-429E-861C-AF01AAFF7F73}"
EndProject
Project("{FAE04EC0-301F-11D3-BF4B-00C04F79EFBC}") = "NodeJs", "NodeJs\NodeJs.csproj", "{85D7E841-77BB-4AB9-8E64-DAB28FEAA657}"
EndProject
Project("{FAE04EC0-301F-11D3-BF4B-00C04F79EFBC}") = "NodeJs.MongoDbNative", "NodeJs.MongoDbNative\NodeJs.MongoDbNative.csproj", "{97BC8C10-B6A4-414E-9AC4-338FC580BDE8}"
EndProject
Project("{FAE04EC0-301F-11D3-BF4B-00C04F79EFBC}") = "PhoneGap", "PhoneGap\PhoneGap.csproj", "{69B3304A-E390-4686-A876-F6ADB10E7293}"
EndProject
Project("{FAE04EC0-301F-11D3-BF4B-00C04F79EFBC}") = "PrototypeJs", "PrototypeJs\PrototypeJs.csproj", "{2B1242D8-5445-4663-87E8-E4F3B1EFB423}"
EndProject
Project("{FAE04EC0-301F-11D3-BF4B-00C04F79EFBC}") = "Qooxdoo", "Qooxdoo\Qooxdoo.csproj", "{F5F1F0ED-DD17-4E5E-A8C5-AC623FEA5F51}"
EndProject
Project("{FAE04EC0-301F-11D3-BF4B-00C04F79EFBC}") = "QUnit", "QUnit\QUnit.csproj", "{201E2D3F-B5FA-415A-9E6C-DF356E5A6935}"
EndProject
Project("{FAE04EC0-301F-11D3-BF4B-00C04F79EFBC}") = "Raphael", "Raphael\Raphael.csproj", "{D28E5C00-2614-4361-985C-774CA235DA94}"
EndProject
Project("{FAE04EC0-301F-11D3-BF4B-00C04F79EFBC}") = "RxJS", "RxJS\RxJS.csproj", "{11DFE37F-89CD-47B2-B269-A81BE5765D15}"
EndProject
Project("{FAE04EC0-301F-11D3-BF4B-00C04F79EFBC}") = "Scriptaculous", "Scriptaculous\Scriptaculous.csproj", "{20EE1C04-C08D-42F2-B694-4E43B6639188}"
EndProject
Project("{FAE04EC0-301F-11D3-BF4B-00C04F79EFBC}") = "SenchaTouch-1.1.0", "SenchaTouch-1.1.0\SenchaTouch-1.1.0.csproj", "{5D654D2A-EFC8-4106-BF1C-7B674F841A5A}"
EndProject
Project("{FAE04EC0-301F-11D3-BF4B-00C04F79EFBC}") = "SenchaTouch-2.0.0", "SenchaTouch-2.0.0\SenchaTouch-2.0.0.csproj", "{F98346E7-9E57-4732-8CBC-393E57DE8B13}"
EndProject
Project("{FAE04EC0-301F-11D3-BF4B-00C04F79EFBC}") = "SignalR", "SignalR\SignalR.csproj", "{AFA09D69-1CEC-40F9-9B04-0BD42AFCB682}"
EndProject
Project("{FAE04EC0-301F-11D3-BF4B-00C04F79EFBC}") = "TheMProject", "TheMProject\TheMProject.csproj", "{28808C99-7747-485F-857C-65BFB456DA7A}"
EndProject
Project("{FAE04EC0-301F-11D3-BF4B-00C04F79EFBC}") = "TinyMCE", "TinyMCE\TinyMCE.csproj", "{4048D23B-086E-450E-A45D-0000A301FFE2}"
EndProject
Project("{FAE04EC0-301F-11D3-BF4B-00C04F79EFBC}") = "XRegExp", "XRegExp\XRegExp.csproj", "{52C018F5-BDBE-4BA0-992C-7EEE1178ADFB}"
EndProject
Project("{FAE04EC0-301F-11D3-BF4B-00C04F79EFBC}") = "Yui", "Yui\Yui.csproj", "{E85B2A11-D0D0-4879-92D6-3D6A12CFD14B}"
EndProject
Project("{FAE04EC0-301F-11D3-BF4B-00C04F79EFBC}") = "ThreeJs", "ThreeJs\ThreeJs.csproj", "{F876266E-971B-49D2-B848-0E357E52A230}"
EndProject
Project("{FAE04EC0-301F-11D3-BF4B-00C04F79EFBC}") = "Log4JavaScript", "Log4JavaScript\Log4JavaScript.csproj", "{1C2E399B-46CC-42E1-B930-F0D81313E883}"
EndProject
Project("{FAE04EC0-301F-11D3-BF4B-00C04F79EFBC}") = "Xdk.Cordova", "Xdk.Cordova\Xdk.Cordova.csproj", "{CCFBD812-F7D9-4E55-AA2D-D9DA783C3944}"
EndProject
Project("{FAE04EC0-301F-11D3-BF4B-00C04F79EFBC}") = "Xdk.Html", "Xdk.Html\Xdk.Html.csproj", "{3C3ACE44-EF64-4C4E-9C04-084D4A8EE6C9}"
EndProject
Project("{FAE04EC0-301F-11D3-BF4B-00C04F79EFBC}") = "Xdk.IntelXdk", "Xdk.IntelXdk\Xdk.IntelXdk.csproj", "{F1423780-8705-4BA1-A546-9021186EBA52}"
EndProject
Project("{FAE04EC0-301F-11D3-BF4B-00C04F79EFBC}") = "Xdk.JavaScript", "Xdk.JavaScript\Xdk.JavaScript.csproj", "{A7B1398F-706F-4057-9185-5E4B305096BF}"
EndProject
Project("{FAE04EC0-301F-11D3-BF4B-00C04F79EFBC}") = "FIDO", "FIDO\FIDO.csproj", "{7FD68F02-F406-4F7A-9883-865E292B5982}"
EndProject
Global
	GlobalSection(SolutionConfigurationPlatforms) = preSolution
		Debug|Any CPU = Debug|Any CPU
	EndGlobalSection
	GlobalSection(ProjectConfigurationPlatforms) = postSolution
		{0352730B-7191-4243-8169-AA31EC46DCB4}.Debug|Any CPU.ActiveCfg = Debug|Any CPU
		{0352730B-7191-4243-8169-AA31EC46DCB4}.Debug|Any CPU.Build.0 = Debug|Any CPU
		{11DFE37F-89CD-47B2-B269-A81BE5765D15}.Debug|Any CPU.ActiveCfg = Debug|Any CPU
		{11DFE37F-89CD-47B2-B269-A81BE5765D15}.Debug|Any CPU.Build.0 = Debug|Any CPU
		{1A31E456-4036-4839-B6EC-8FBC6F318F7F}.Debug|Any CPU.ActiveCfg = Debug|Any CPU
		{1A31E456-4036-4839-B6EC-8FBC6F318F7F}.Debug|Any CPU.Build.0 = Debug|Any CPU
		{1C2E399B-46CC-42E1-B930-F0D81313E883}.Debug|Any CPU.ActiveCfg = Debug|Any CPU
		{1C2E399B-46CC-42E1-B930-F0D81313E883}.Debug|Any CPU.Build.0 = Debug|Any CPU
		{201E2D3F-B5FA-415A-9E6C-DF356E5A6935}.Debug|Any CPU.ActiveCfg = Debug|Any CPU
		{201E2D3F-B5FA-415A-9E6C-DF356E5A6935}.Debug|Any CPU.Build.0 = Debug|Any CPU
		{20EE1C04-C08D-42F2-B694-4E43B6639188}.Debug|Any CPU.ActiveCfg = Debug|Any CPU
		{20EE1C04-C08D-42F2-B694-4E43B6639188}.Debug|Any CPU.Build.0 = Debug|Any CPU
		{23E5F7FB-D23B-4218-9059-E4454D48B9EF}.Debug|Any CPU.ActiveCfg = Debug|Any CPU
		{23E5F7FB-D23B-4218-9059-E4454D48B9EF}.Debug|Any CPU.Build.0 = Debug|Any CPU
		{28808C99-7747-485F-857C-65BFB456DA7A}.Debug|Any CPU.ActiveCfg = Debug|Any CPU
		{28808C99-7747-485F-857C-65BFB456DA7A}.Debug|Any CPU.Build.0 = Debug|Any CPU
		{29C0F7F0-427A-4F21-9DE7-0C72FF8F2D05}.Debug|Any CPU.ActiveCfg = Debug|Any CPU
		{29C0F7F0-427A-4F21-9DE7-0C72FF8F2D05}.Debug|Any CPU.Build.0 = Debug|Any CPU
		{2B1242D8-5445-4663-87E8-E4F3B1EFB423}.Debug|Any CPU.ActiveCfg = Debug|Any CPU
		{2B1242D8-5445-4663-87E8-E4F3B1EFB423}.Debug|Any CPU.Build.0 = Debug|Any CPU
		{329DA980-13A0-4708-B002-2B49CCE35D33}.Debug|Any CPU.ActiveCfg = Debug|Any CPU
		{329DA980-13A0-4708-B002-2B49CCE35D33}.Debug|Any CPU.Build.0 = Debug|Any CPU
		{3C3ACE44-EF64-4C4E-9C04-084D4A8EE6C9}.Debug|Any CPU.ActiveCfg = Debug|Any CPU
		{3C3ACE44-EF64-4C4E-9C04-084D4A8EE6C9}.Debug|Any CPU.Build.0 = Debug|Any CPU
		{3CE153D9-94A9-4957-84F0-877C30B9EEC5}.Debug|Any CPU.ActiveCfg = Debug|Any CPU
		{3CE153D9-94A9-4957-84F0-877C30B9EEC5}.Debug|Any CPU.Build.0 = Debug|Any CPU
		{4048D23B-086E-450E-A45D-0000A301FFE2}.Debug|Any CPU.ActiveCfg = Debug|Any CPU
		{4048D23B-086E-450E-A45D-0000A301FFE2}.Debug|Any CPU.Build.0 = Debug|Any CPU
		{423F6BC9-1AAC-473D-A2D5-3FB42AAFC89A}.Debug|Any CPU.ActiveCfg = Debug|Any CPU
		{423F6BC9-1AAC-473D-A2D5-3FB42AAFC89A}.Debug|Any CPU.Build.0 = Debug|Any CPU
		{4484C7D5-4656-4BDA-9BCC-6C325E526A44}.Debug|Any CPU.ActiveCfg = Debug|Any CPU
		{4484C7D5-4656-4BDA-9BCC-6C325E526A44}.Debug|Any CPU.Build.0 = Debug|Any CPU
		{52C018F5-BDBE-4BA0-992C-7EEE1178ADFB}.Debug|Any CPU.ActiveCfg = Debug|Any CPU
		{52C018F5-BDBE-4BA0-992C-7EEE1178ADFB}.Debug|Any CPU.Build.0 = Debug|Any CPU
		{55671A92-AA9B-41E8-B85A-AC2571759085}.Debug|Any CPU.ActiveCfg = Debug|Any CPU
		{55671A92-AA9B-41E8-B85A-AC2571759085}.Debug|Any CPU.Build.0 = Debug|Any CPU
		{58DCC416-E943-4395-8DC4-4ED2794B0789}.Debug|Any CPU.ActiveCfg = Debug|Any CPU
		{58DCC416-E943-4395-8DC4-4ED2794B0789}.Debug|Any CPU.Build.0 = Debug|Any CPU
		{5A90FAC8-67DA-4823-B114-91F5A26B2FE9}.Debug|Any CPU.ActiveCfg = Debug|Any CPU
		{5A90FAC8-67DA-4823-B114-91F5A26B2FE9}.Debug|Any CPU.Build.0 = Debug|Any CPU
		{5D654D2A-EFC8-4106-BF1C-7B674F841A5A}.Debug|Any CPU.ActiveCfg = Debug|Any CPU
		{5D654D2A-EFC8-4106-BF1C-7B674F841A5A}.Debug|Any CPU.Build.0 = Debug|Any CPU
		{6312B4CD-D416-4493-8850-28D6FE3D6AFB}.Debug|Any CPU.ActiveCfg = Debug|Any CPU
		{6312B4CD-D416-4493-8850-28D6FE3D6AFB}.Debug|Any CPU.Build.0 = Debug|Any CPU
		{696044B4-CB46-45B6-83FC-CA3C65D72A9C}.Debug|Any CPU.ActiveCfg = Debug|Any CPU
		{696044B4-CB46-45B6-83FC-CA3C65D72A9C}.Debug|Any CPU.Build.0 = Debug|Any CPU
		{69B3304A-E390-4686-A876-F6ADB10E7293}.Debug|Any CPU.ActiveCfg = Debug|Any CPU
		{69B3304A-E390-4686-A876-F6ADB10E7293}.Debug|Any CPU.Build.0 = Debug|Any CPU
		{6CE063B5-9E45-4A4B-9F50-40CC93FB880E}.Debug|Any CPU.ActiveCfg = Debug|Any CPU
		{6CE063B5-9E45-4A4B-9F50-40CC93FB880E}.Debug|Any CPU.Build.0 = Debug|Any CPU
		{7392F035-DDC6-4F03-A64C-7682B9079580}.Debug|Any CPU.ActiveCfg = Debug|Any CPU
		{7392F035-DDC6-4F03-A64C-7682B9079580}.Debug|Any CPU.Build.0 = Debug|Any CPU
		{85D7E841-77BB-4AB9-8E64-DAB28FEAA657}.Debug|Any CPU.ActiveCfg = Debug|Any CPU
		{85D7E841-77BB-4AB9-8E64-DAB28FEAA657}.Debug|Any CPU.Build.0 = Debug|Any CPU
		{872605DE-E8EC-4D3D-8CEE-A62449A8DAEB}.Debug|Any CPU.ActiveCfg = Debug|Any CPU
		{872605DE-E8EC-4D3D-8CEE-A62449A8DAEB}.Debug|Any CPU.Build.0 = Debug|Any CPU
		{8ABEBA77-AC55-4027-9B9B-27AB7E4DFCC8}.Debug|Any CPU.ActiveCfg = Debug|Any CPU
		{8ABEBA77-AC55-4027-9B9B-27AB7E4DFCC8}.Debug|Any CPU.Build.0 = Debug|Any CPU
		{8B2D8B06-4FBD-429E-861C-AF01AAFF7F73}.Debug|Any CPU.ActiveCfg = Debug|Any CPU
		{8B2D8B06-4FBD-429E-861C-AF01AAFF7F73}.Debug|Any CPU.Build.0 = Debug|Any CPU
		{8E248098-C8F9-4ABB-91D5-896A198204F5}.Debug|Any CPU.ActiveCfg = Debug|Any CPU
		{8E248098-C8F9-4ABB-91D5-896A198204F5}.Debug|Any CPU.Build.0 = Debug|Any CPU
		{97BC8C10-B6A4-414E-9AC4-338FC580BDE8}.Debug|Any CPU.ActiveCfg = Debug|Any CPU
		{97BC8C10-B6A4-414E-9AC4-338FC580BDE8}.Debug|Any CPU.Build.0 = Debug|Any CPU
		{9B1753AB-A527-47DD-A483-ADD70DE8651E}.Debug|Any CPU.ActiveCfg = Debug|Any CPU
		{9B1753AB-A527-47DD-A483-ADD70DE8651E}.Debug|Any CPU.Build.0 = Debug|Any CPU
		{9C7E7FBD-1176-48AF-88DC-3E4286220DC6}.Debug|Any CPU.ActiveCfg = Debug|Any CPU
		{9C7E7FBD-1176-48AF-88DC-3E4286220DC6}.Debug|Any CPU.Build.0 = Debug|Any CPU
		{A0D491BD-2BC7-4632-8B56-F690D2F3EB4F}.Debug|Any CPU.ActiveCfg = Debug|Any CPU
		{A0D491BD-2BC7-4632-8B56-F690D2F3EB4F}.Debug|Any CPU.Build.0 = Debug|Any CPU
		{A28AF2F2-698D-4507-81CF-B770E6EC774C}.Debug|Any CPU.ActiveCfg = Debug|Any CPU
		{A28AF2F2-698D-4507-81CF-B770E6EC774C}.Debug|Any CPU.Build.0 = Debug|Any CPU
		{A3A4596F-0020-4651-8F50-642506D1DB6E}.Debug|Any CPU.ActiveCfg = Debug|Any CPU
		{A3A4596F-0020-4651-8F50-642506D1DB6E}.Debug|Any CPU.Build.0 = Debug|Any CPU
		{A7B1398F-706F-4057-9185-5E4B305096BF}.Debug|Any CPU.ActiveCfg = Debug|Any CPU
		{A7B1398F-706F-4057-9185-5E4B305096BF}.Debug|Any CPU.Build.0 = Debug|Any CPU
		{AF96B319-A09E-4997-820D-18B65D57E1A0}.Debug|Any CPU.ActiveCfg = Debug|Any CPU
		{AF96B319-A09E-4997-820D-18B65D57E1A0}.Debug|Any CPU.Build.0 = Debug|Any CPU
		{AFA09D69-1CEC-40F9-9B04-0BD42AFCB682}.Debug|Any CPU.ActiveCfg = Debug|Any CPU
		{AFA09D69-1CEC-40F9-9B04-0BD42AFCB682}.Debug|Any CPU.Build.0 = Debug|Any CPU
		{B1C6FA01-900F-4F7F-95DC-145D8F9B2CCB}.Debug|Any CPU.ActiveCfg = Debug|Any CPU
		{B1C6FA01-900F-4F7F-95DC-145D8F9B2CCB}.Debug|Any CPU.Build.0 = Debug|Any CPU
		{B8709F27-33D4-441A-91FB-7203CA034843}.Debug|Any CPU.ActiveCfg = Debug|Any CPU
		{B8709F27-33D4-441A-91FB-7203CA034843}.Debug|Any CPU.Build.0 = Debug|Any CPU
		{CCFBD812-F7D9-4E55-AA2D-D9DA783C3944}.Debug|Any CPU.ActiveCfg = Debug|Any CPU
		{CCFBD812-F7D9-4E55-AA2D-D9DA783C3944}.Debug|Any CPU.Build.0 = Debug|Any CPU
		{D28E5C00-2614-4361-985C-774CA235DA94}.Debug|Any CPU.ActiveCfg = Debug|Any CPU
		{D28E5C00-2614-4361-985C-774CA235DA94}.Debug|Any CPU.Build.0 = Debug|Any CPU
		{DA8967DB-C692-416F-9E62-E0ED0540DA3E}.Debug|Any CPU.ActiveCfg = Debug|Any CPU
		{DA8967DB-C692-416F-9E62-E0ED0540DA3E}.Debug|Any CPU.Build.0 = Debug|Any CPU
		{DBD0603D-3811-4D9E-9C29-F66ADF9922C0}.Debug|Any CPU.ActiveCfg = Debug|Any CPU
		{DBD0603D-3811-4D9E-9C29-F66ADF9922C0}.Debug|Any CPU.Build.0 = Debug|Any CPU
		{E4F53CA3-DD5B-47EF-9BF6-65C8829A260B}.Debug|Any CPU.ActiveCfg = Debug|Any CPU
		{E4F53CA3-DD5B-47EF-9BF6-65C8829A260B}.Debug|Any CPU.Build.0 = Debug|Any CPU
		{E85B2A11-D0D0-4879-92D6-3D6A12CFD14B}.Debug|Any CPU.ActiveCfg = Debug|Any CPU
		{E85B2A11-D0D0-4879-92D6-3D6A12CFD14B}.Debug|Any CPU.Build.0 = Debug|Any CPU
		{F1423780-8705-4BA1-A546-9021186EBA52}.Debug|Any CPU.ActiveCfg = Debug|Any CPU
		{F1423780-8705-4BA1-A546-9021186EBA52}.Debug|Any CPU.Build.0 = Debug|Any CPU
		{F1B6A826-60C3-4038-AABF-BD7C8380CC2F}.Debug|Any CPU.ActiveCfg = Debug|Any CPU
		{F1B6A826-60C3-4038-AABF-BD7C8380CC2F}.Debug|Any CPU.Build.0 = Debug|Any CPU
		{F5F1F0ED-DD17-4E5E-A8C5-AC623FEA5F51}.Debug|Any CPU.ActiveCfg = Debug|Any CPU
		{F5F1F0ED-DD17-4E5E-A8C5-AC623FEA5F51}.Debug|Any CPU.Build.0 = Debug|Any CPU
		{F876266E-971B-49D2-B848-0E357E52A230}.Debug|Any CPU.ActiveCfg = Debug|Any CPU
		{F876266E-971B-49D2-B848-0E357E52A230}.Debug|Any CPU.Build.0 = Debug|Any CPU
		{F98346E7-9E57-4732-8CBC-393E57DE8B13}.Debug|Any CPU.ActiveCfg = Debug|Any CPU
		{F98346E7-9E57-4732-8CBC-393E57DE8B13}.Debug|Any CPU.Build.0 = Debug|Any CPU
	EndGlobalSection
	GlobalSection(MonoDevelopProperties) = preSolution
		StartupItem = JavaScript\JavaScript.csproj
		Policies = $0
		$0.TextStylePolicy = $1
		$1.inheritsSet = VisualStudio
		$1.inheritsScope = text/plain
		$1.scope = text/x-csharp
		$0.CSharpFormattingPolicy = $2
		$2.IndentSwitchBody = True
		$2.IndentBlocksInsideExpressions = True
		$2.AnonymousMethodBraceStyle = NextLine
		$2.PropertyBraceStyle = NextLine
		$2.PropertyGetBraceStyle = NextLine
		$2.PropertySetBraceStyle = NextLine
		$2.EventBraceStyle = NextLine
		$2.EventAddBraceStyle = NextLine
		$2.EventRemoveBraceStyle = NextLine
		$2.StatementBraceStyle = NextLine
		$2.ElseNewLinePlacement = NewLine
		$2.CatchNewLinePlacement = NewLine
		$2.FinallyNewLinePlacement = NewLine
		$2.WhileNewLinePlacement = DoNotCare
		$2.ArrayInitializerWrapping = DoNotChange
		$2.ArrayInitializerBraceStyle = NextLine
		$2.BeforeMethodDeclarationParentheses = False
		$2.BeforeMethodCallParentheses = False
		$2.BeforeConstructorDeclarationParentheses = False
		$2.NewLineBeforeConstructorInitializerColon = NewLine
		$2.NewLineAfterConstructorInitializerColon = SameLine
		$2.BeforeDelegateDeclarationParentheses = False
		$2.NewParentheses = False
		$2.SpacesBeforeBrackets = False
		$2.inheritsSet = Mono
		$2.inheritsScope = text/x-csharp
		$2.scope = text/x-csharp
	EndGlobalSection
	GlobalSection(SolutionProperties) = preSolution
		HideSolutionNode = FALSE
	EndGlobalSection
	GlobalSection(SubversionScc) = preSolution
		Svn-Managed = True
		Manager = AnkhSVN - Subversion Support for Visual Studio
	EndGlobalSection
EndGlobal
