
Microsoft Visual Studio Solution File, Format Version 12.00
# Visual Studio 2012
VisualStudioVersion = 12.0.30501.0
MinimumVisualStudioVersion = 10.0.40219.1
Project("{FAE04EC0-301F-11D3-BF4B-00C04F79EFBC}") = "JsClr", "JsClr\JsClr.csproj", "{7170C3A4-CD48-4D99-8048-E04AFA8BCA99}"
EndProject
Project("{FAE04EC0-301F-11D3-BF4B-00C04F79EFBC}") = "Web", "Web\Web.csproj", "{22F5644B-56DB-4B81-8027-7E0736092A70}"
EndProject
Project("{FAE04EC0-301F-11D3-BF4B-00C04F79EFBC}") = "JavaScript.NoClr", "JavaScript.NoClr\JavaScript.NoClr.csproj", "{CA9F3459-A825-4F8C-BAA6-D30F12076A6F}"
EndProject
Project("{FAE04EC0-301F-11D3-BF4B-00C04F79EFBC}") = "Html.Linq", "Html.Linq\Html.Linq.csproj", "{C6DA2D65-F202-4076-803F-7445BE89B9FC}"
EndProject
Project("{FAE04EC0-301F-11D3-BF4B-00C04F79EFBC}") = "JsClr.Test", "JsClr.Test\JsClr.Test.csproj", "{E18669CC-D615-47BA-8C07-3A3F01B86A2D}"
EndProject
Global
	GlobalSection(SolutionConfigurationPlatforms) = preSolution
		Debug|Any CPU = Debug|Any CPU
		Release|Any CPU = Release|Any CPU
		v3.5|Any CPU = v3.5|Any CPU
		v4.0|Any CPU = v4.0|Any CPU
	EndGlobalSection
	GlobalSection(ProjectConfigurationPlatforms) = postSolution
		{22F5644B-56DB-4B81-8027-7E0736092A70}.Debug|Any CPU.ActiveCfg = Debug|Any CPU
		{22F5644B-56DB-4B81-8027-7E0736092A70}.Debug|Any CPU.Build.0 = Debug|Any CPU
		{22F5644B-56DB-4B81-8027-7E0736092A70}.Release|Any CPU.ActiveCfg = Release|Any CPU
		{22F5644B-56DB-4B81-8027-7E0736092A70}.Release|Any CPU.Build.0 = Release|Any CPU
		{22F5644B-56DB-4B81-8027-7E0736092A70}.v3.5|Any CPU.ActiveCfg = Release|Any CPU
		{22F5644B-56DB-4B81-8027-7E0736092A70}.v3.5|Any CPU.Build.0 = Release|Any CPU
		{22F5644B-56DB-4B81-8027-7E0736092A70}.v4.0|Any CPU.ActiveCfg = Release|Any CPU
		{22F5644B-56DB-4B81-8027-7E0736092A70}.v4.0|Any CPU.Build.0 = Release|Any CPU
		{7170C3A4-CD48-4D99-8048-E04AFA8BCA99}.Debug|Any CPU.ActiveCfg = v4.0|Any CPU
		{7170C3A4-CD48-4D99-8048-E04AFA8BCA99}.Debug|Any CPU.Build.0 = v4.0|Any CPU
		{7170C3A4-CD48-4D99-8048-E04AFA8BCA99}.Release|Any CPU.ActiveCfg = v4.0|Any CPU
		{7170C3A4-CD48-4D99-8048-E04AFA8BCA99}.Release|Any CPU.Build.0 = v4.0|Any CPU
		{7170C3A4-CD48-4D99-8048-E04AFA8BCA99}.v3.5|Any CPU.ActiveCfg = v3.5|Any CPU
		{7170C3A4-CD48-4D99-8048-E04AFA8BCA99}.v3.5|Any CPU.Build.0 = v3.5|Any CPU
		{7170C3A4-CD48-4D99-8048-E04AFA8BCA99}.v4.0|Any CPU.ActiveCfg = v4.0|Any CPU
		{7170C3A4-CD48-4D99-8048-E04AFA8BCA99}.v4.0|Any CPU.Build.0 = v4.0|Any CPU
		{C6DA2D65-F202-4076-803F-7445BE89B9FC}.Debug|Any CPU.ActiveCfg = Debug|Any CPU
		{C6DA2D65-F202-4076-803F-7445BE89B9FC}.Debug|Any CPU.Build.0 = Debug|Any CPU
		{C6DA2D65-F202-4076-803F-7445BE89B9FC}.Release|Any CPU.ActiveCfg = v4.0|Any CPU
		{C6DA2D65-F202-4076-803F-7445BE89B9FC}.Release|Any CPU.Build.0 = v4.0|Any CPU
		{C6DA2D65-F202-4076-803F-7445BE89B9FC}.v3.5|Any CPU.ActiveCfg = v3.5|Any CPU
		{C6DA2D65-F202-4076-803F-7445BE89B9FC}.v3.5|Any CPU.Build.0 = v3.5|Any CPU
		{C6DA2D65-F202-4076-803F-7445BE89B9FC}.v4.0|Any CPU.ActiveCfg = v4.0|Any CPU
		{C6DA2D65-F202-4076-803F-7445BE89B9FC}.v4.0|Any CPU.Build.0 = v4.0|Any CPU
		{CA9F3459-A825-4F8C-BAA6-D30F12076A6F}.Debug|Any CPU.ActiveCfg = Debug|Any CPU
		{CA9F3459-A825-4F8C-BAA6-D30F12076A6F}.Debug|Any CPU.Build.0 = Debug|Any CPU
		{CA9F3459-A825-4F8C-BAA6-D30F12076A6F}.Release|Any CPU.ActiveCfg = v4.0|Any CPU
		{CA9F3459-A825-4F8C-BAA6-D30F12076A6F}.Release|Any CPU.Build.0 = v4.0|Any CPU
		{CA9F3459-A825-4F8C-BAA6-D30F12076A6F}.v3.5|Any CPU.ActiveCfg = v3.5|Any CPU
		{CA9F3459-A825-4F8C-BAA6-D30F12076A6F}.v3.5|Any CPU.Build.0 = v3.5|Any CPU
		{CA9F3459-A825-4F8C-BAA6-D30F12076A6F}.v4.0|Any CPU.ActiveCfg = v4.0|Any CPU
		{CA9F3459-A825-4F8C-BAA6-D30F12076A6F}.v4.0|Any CPU.Build.0 = v4.0|Any CPU
		{E18669CC-D615-47BA-8C07-3A3F01B86A2D}.Debug|Any CPU.ActiveCfg = Debug|Any CPU
		{E18669CC-D615-47BA-8C07-3A3F01B86A2D}.Release|Any CPU.ActiveCfg = Release|Any CPU
		{E18669CC-D615-47BA-8C07-3A3F01B86A2D}.Release|Any CPU.Build.0 = Release|Any CPU
		{E18669CC-D615-47BA-8C07-3A3F01B86A2D}.v3.5|Any CPU.ActiveCfg = Release|Any CPU
		{E18669CC-D615-47BA-8C07-3A3F01B86A2D}.v3.5|Any CPU.Build.0 = Release|Any CPU
		{E18669CC-D615-47BA-8C07-3A3F01B86A2D}.v4.0|Any CPU.ActiveCfg = Release|Any CPU
		{E18669CC-D615-47BA-8C07-3A3F01B86A2D}.v4.0|Any CPU.Build.0 = Release|Any CPU
	EndGlobalSection
	GlobalSection(MonoDevelopProperties) = preSolution
		StartupItem = JsClr\JsClr.csproj
	EndGlobalSection
	GlobalSection(SolutionProperties) = preSolution
		HideSolutionNode = FALSE
	EndGlobalSection
EndGlobal
